
Microsoft Visual Studio Solution File, Format Version 12.00
# Visual Studio Version 17
VisualStudioVersion = 17.5.002.0
MinimumVisualStudioVersion = 10.0.40219.1
Project("{9A19103F-16F7-4668-BE54-9A1E7A4F7556}") = "AirAware", "AirAware\AirAware.csproj", "{B791CFA6-0C6E-4835-8940-85A99DC6BFEE}"
EndProject
Global
	GlobalSection(SolutionConfigurationPlatforms) = preSolution
		Debug|Any CPU = Debug|Any CPU
		Release|Any CPU = Release|Any CPU
	EndGlobalSection
	GlobalSection(ProjectConfigurationPlatforms) = postSolution
		{B791CFA6-0C6E-4835-8940-85A99DC6BFEE}.Debug|Any CPU.ActiveCfg = Debug|Any CPU
		{B791CFA6-0C6E-4835-8940-85A99DC6BFEE}.Debug|Any CPU.Build.0 = Debug|Any CPU
		{B791CFA6-0C6E-4835-8940-85A99DC6BFEE}.Release|Any CPU.ActiveCfg = Release|Any CPU
		{B791CFA6-0C6E-4835-8940-85A99DC6BFEE}.Release|Any CPU.Build.0 = Release|Any CPU
	EndGlobalSection
	GlobalSection(SolutionProperties) = preSolution
		HideSolutionNode = FALSE
	EndGlobalSection
	GlobalSection(ExtensibilityGlobals) = postSolution
		SolutionGuid = {052F74AB-19CF-4FE7-85F2-66674CF7F478}
	EndGlobalSection
EndGlobal
